
Microsoft Visual Studio Solution File, Format Version 12.00
# Visual Studio Version 16
VisualStudioVersion = 16.0.29009.5
MinimumVisualStudioVersion = 10.0.40219.1
Project("{FAE04EC0-301F-11D3-BF4B-00C04F79EFBC}") = "MailSender", "MailSender\MailSender.csproj", "{1E0BCC42-0E4B-4129-A4C9-9490E7088649}"
EndProject
Project("{FAE04EC0-301F-11D3-BF4B-00C04F79EFBC}") = "MailSenderLib", "MailSenderLib\MailSenderLib.csproj", "{61EB4A79-256E-4A34-A749-7D0C85A939B3}"
EndProject
Project("{FAE04EC0-301F-11D3-BF4B-00C04F79EFBC}") = "ThreadTest", "ThreadTest\ThreadTest.csproj", "{5AD40E7D-BA95-4340-984F-6DE36DEA037E}"
EndProject
Global
	GlobalSection(SolutionConfigurationPlatforms) = preSolution
		Debug|Any CPU = Debug|Any CPU
		Release|Any CPU = Release|Any CPU
	EndGlobalSection
	GlobalSection(ProjectConfigurationPlatforms) = postSolution
		{1E0BCC42-0E4B-4129-A4C9-9490E7088649}.Debug|Any CPU.ActiveCfg = Debug|Any CPU
		{1E0BCC42-0E4B-4129-A4C9-9490E7088649}.Debug|Any CPU.Build.0 = Debug|Any CPU
		{1E0BCC42-0E4B-4129-A4C9-9490E7088649}.Release|Any CPU.ActiveCfg = Release|Any CPU
		{1E0BCC42-0E4B-4129-A4C9-9490E7088649}.Release|Any CPU.Build.0 = Release|Any CPU
		{61EB4A79-256E-4A34-A749-7D0C85A939B3}.Debug|Any CPU.ActiveCfg = Debug|Any CPU
		{61EB4A79-256E-4A34-A749-7D0C85A939B3}.Debug|Any CPU.Build.0 = Debug|Any CPU
		{61EB4A79-256E-4A34-A749-7D0C85A939B3}.Release|Any CPU.ActiveCfg = Release|Any CPU
		{61EB4A79-256E-4A34-A749-7D0C85A939B3}.Release|Any CPU.Build.0 = Release|Any CPU
		{5AD40E7D-BA95-4340-984F-6DE36DEA037E}.Debug|Any CPU.ActiveCfg = Debug|Any CPU
		{5AD40E7D-BA95-4340-984F-6DE36DEA037E}.Debug|Any CPU.Build.0 = Debug|Any CPU
		{5AD40E7D-BA95-4340-984F-6DE36DEA037E}.Release|Any CPU.ActiveCfg = Release|Any CPU
		{5AD40E7D-BA95-4340-984F-6DE36DEA037E}.Release|Any CPU.Build.0 = Release|Any CPU
	EndGlobalSection
	GlobalSection(SolutionProperties) = preSolution
		HideSolutionNode = FALSE
	EndGlobalSection
	GlobalSection(ExtensibilityGlobals) = postSolution
		SolutionGuid = {8D5A8567-0DDD-44A4-A091-4D214998C5EB}
	EndGlobalSection
EndGlobal
